
Microsoft Visual Studio Solution File, Format Version 12.00
# Visual Studio Version 17
VisualStudioVersion = 17.11.35222.181
MinimumVisualStudioVersion = 10.0.40219.1
Project("{9A19103F-16F7-4668-BE54-9A1E7A4F7556}") = "Memoisation", "Memoisation\Memoisation.csproj", "{F6B53C68-DB32-4886-ACCD-A2DD59E42938}"
EndProject
Project("{2150E333-8FDC-42A3-9474-1A3956D46DE8}") = "LongestIncreasingSubsequence", "LongestIncreasingSubsequence", "{4672F891-3D66-4B29-B9E9-F113ACBE2B22}"
EndProject
Project("{9A19103F-16F7-4668-BE54-9A1E7A4F7556}") = "BinarySearch", "BinarySearch\BinarySearch.csproj", "{EAA0F88E-9C08-47D1-9FBB-B988EEDEC637}"
EndProject
Project("{2150E333-8FDC-42A3-9474-1A3956D46DE8}") = "Array_String", "Array_String", "{6237BE03-09E8-4B16-8173-DB0183D48010}"
EndProject
Project("{9A19103F-16F7-4668-BE54-9A1E7A4F7556}") = "MergeStringsAlternately", "MergeStringsAlternately\MergeStringsAlternately.csproj", "{B95258EA-474F-4884-9551-5916FF4D94AD}"
EndProject
Project("{9A19103F-16F7-4668-BE54-9A1E7A4F7556}") = "GCDOfStrings1", "GCDOfStrings\GCDOfStrings1.csproj", "{E89D8D74-839C-4453-A7CC-0E5FC75353BE}"
EndProject
Project("{2150E333-8FDC-42A3-9474-1A3956D46DE8}") = "GCDOfStrings", "GCDOfStrings", "{19A67127-CBE0-4734-8414-4A5AEA9FC38F}"
EndProject
Project("{FAE04EC0-301F-11D3-BF4B-00C04F79EFBC}") = "GCDOfStringsRecursion", "GCDOfStrings2\GCDOfStringsRecursion.csproj", "{70864201-AF31-4629-9F61-19A5F688EE4D}"
EndProject
Project("{FAE04EC0-301F-11D3-BF4B-00C04F79EFBC}") = "KidsWithCandies", "KidsWithCandies\KidsWithCandies.csproj", "{BC27CE0E-5212-4A96-B31C-33CB30F9E590}"
EndProject
Project("{FAE04EC0-301F-11D3-BF4B-00C04F79EFBC}") = "CanPlaceFlowers", "CanPlaceFlowers\CanPlaceFlowers.csproj", "{2D71A27F-47D2-4A9D-A586-5BF78654E7FD}"
EndProject
Project("{FAE04EC0-301F-11D3-BF4B-00C04F79EFBC}") = "ReverseVowels", "ReverseVowels\ReverseVowels.csproj", "{8188D4FF-9236-49CD-994A-9234306C81D3}"
EndProject
Project("{FAE04EC0-301F-11D3-BF4B-00C04F79EFBC}") = "ReverseWords", "ReverseWords\ReverseWords.csproj", "{0FABCE9A-3515-481D-96EB-280D5872350E}"
EndProject
Project("{2150E333-8FDC-42A3-9474-1A3956D46DE8}") = "TwoPointers", "TwoPointers", "{07D7BC32-2358-4EE3-877A-E20514EA9BB9}"
EndProject
Project("{FAE04EC0-301F-11D3-BF4B-00C04F79EFBC}") = "MoveZeroes", "MoveZeroes\MoveZeroes.csproj", "{B5563053-607E-4074-B332-DB9ACC3608F5}"
EndProject
Project("{FAE04EC0-301F-11D3-BF4B-00C04F79EFBC}") = "RemoveElement", "RemoveElement\RemoveElement.csproj", "{50EB7FEC-1D72-4A08-9F0B-20DEADBFD01A}"
EndProject
Project("{2150E333-8FDC-42A3-9474-1A3956D46DE8}") = "Other", "Other", "{92AA5287-2B38-4C52-ACD1-45580AEDFB89}"
EndProject
Project("{2150E333-8FDC-42A3-9474-1A3956D46DE8}") = "EuclidGCD", "EuclidGCD", "{98AE5253-EEB4-4A14-804D-40A1CF0434ED}"
EndProject
Project("{FAE04EC0-301F-11D3-BF4B-00C04F79EFBC}") = "EuclidGCD", "EuclidGCD\EuclidGCD.csproj", "{DD417F24-2254-4346-AA4E-F16263CBCD04}"
EndProject
Project("{2150E333-8FDC-42A3-9474-1A3956D46DE8}") = "BinarySearch", "BinarySearch", "{4073F796-5DA9-4972-BDD3-864259FE50AE}"
EndProject
Project("{FAE04EC0-301F-11D3-BF4B-00C04F79EFBC}") = "BinarySearchClassic", "BinarySearchClassic\BinarySearchClassic.csproj", "{3902B681-361D-49D3-9A27-9FFE09355710}"
EndProject
Project("{FAE04EC0-301F-11D3-BF4B-00C04F79EFBC}") = "BinarySearchFirstIndexDelegate", "BinarySearchFirstElement\BinarySearchFirstIndexDelegate.csproj", "{AF020886-CACA-42A0-A35A-FCFC44F35DA6}"
EndProject
Project("{FAE04EC0-301F-11D3-BF4B-00C04F79EFBC}") = "BinarySearchFirstIndex", "BinarySearchFirstIndex\BinarySearchFirstIndex.csproj", "{8B51B237-0304-4A5F-A66A-1F3DB628AE63}"
EndProject
Project("{FAE04EC0-301F-11D3-BF4B-00C04F79EFBC}") = "BinarySearcLastIndex", "BinarySearcLastIndex\BinarySearcLastIndex.csproj", "{6A8A823B-8C3A-4689-96C3-338218CA1BF0}"
EndProject
Project("{2150E333-8FDC-42A3-9474-1A3956D46DE8}") = "Hashtable", "Hashtable", "{6F8BB97D-FD2D-48E9-9585-3D044FC5F8CB}"
EndProject
Project("{FAE04EC0-301F-11D3-BF4B-00C04F79EFBC}") = "TwoSum", "TwoSum\TwoSum.csproj", "{22255A64-69C7-4334-8204-8598263F6FE0}"
EndProject
Project("{2150E333-8FDC-42A3-9474-1A3956D46DE8}") = "Math", "Math", "{2EDE6016-BE9B-4438-8A34-EBB1C7A87819}"
EndProject
Project("{FAE04EC0-301F-11D3-BF4B-00C04F79EFBC}") = "PalindromeNumber", "PalindromeNumber\PalindromeNumber.csproj", "{C30F928E-858A-44FC-93F0-5D0587E1EEB2}"
EndProject
Project("{FAE04EC0-301F-11D3-BF4B-00C04F79EFBC}") = "RomanToInt1", "RomanToInt1\RomanToInt1.csproj", "{68D915D8-B78A-434C-9615-ACF87291EC28}"
EndProject
Project("{FAE04EC0-301F-11D3-BF4B-00C04F79EFBC}") = "RomanToInt2", "RomanToInt2\RomanToInt2.csproj", "{B845DBE5-A6A6-4F33-9BFB-E09BE9991871}"
EndProject
Project("{FAE04EC0-301F-11D3-BF4B-00C04F79EFBC}") = "IsSubsequence", "IsSubsequence\IsSubsequence.csproj", "{372673DD-3C89-44F2-8139-6AF8B166C53D}"
EndProject
Project("{2150E333-8FDC-42A3-9474-1A3956D46DE8}") = "SlidingWindow", "SlidingWindow", "{6F1BEA11-2A7A-4E5C-A8AF-0B31A98E162E}"
EndProject
Project("{FAE04EC0-301F-11D3-BF4B-00C04F79EFBC}") = "MaximumAverageSubarray1", "MaximumAverageSubarray1\MaximumAverageSubarray1.csproj", "{D76DCF0E-E0F3-4E67-90F8-0084C97007E0}"
EndProject
Project("{FAE04EC0-301F-11D3-BF4B-00C04F79EFBC}") = "HighestAltitude", "HighestAltitude\HighestAltitude.csproj", "{B26065DD-2A6B-47A2-B0D4-BB99E1B6D213}"
EndProject
Project("{2150E333-8FDC-42A3-9474-1A3956D46DE8}") = "PrefixSum", "PrefixSum", "{DDF4118C-A98D-4D1E-8FC6-467361F1BAFB}"
EndProject
Project("{FAE04EC0-301F-11D3-BF4B-00C04F79EFBC}") = "FindPivotIndex", "FindPivotIndex\FindPivotIndex.csproj", "{00679D57-7E97-4CE9-AEDA-2489E5FB35DC}"
EndProject
Project("{FAE04EC0-301F-11D3-BF4B-00C04F79EFBC}") = "DifferenceOfTwoArrays", "DifferenceOfTwoArrays\DifferenceOfTwoArrays.csproj", "{B37224B2-A1B0-467A-A957-4A97DAC03982}"
EndProject
Project("{FAE04EC0-301F-11D3-BF4B-00C04F79EFBC}") = "UniqueOccurrencies", "UniqueOccurencies\UniqueOccurrencies.csproj", "{86652E89-90A3-464A-9249-85AD0FC37A21}"
EndProject
Project("{2150E333-8FDC-42A3-9474-1A3956D46DE8}") = "Queue", "Queue", "{E81AADCC-B505-46D1-BE49-954EA8338823}"
EndProject
Project("{FAE04EC0-301F-11D3-BF4B-00C04F79EFBC}") = "NumberOfRecentCalls", "NumberOfRecentCalls\NumberOfRecentCalls.csproj", "{B90262E4-62AF-4319-8DC1-EC18A136FE35}"
EndProject
Global
	GlobalSection(SolutionConfigurationPlatforms) = preSolution
		Debug|Any CPU = Debug|Any CPU
		Release|Any CPU = Release|Any CPU
	EndGlobalSection
	GlobalSection(ProjectConfigurationPlatforms) = postSolution
		{F6B53C68-DB32-4886-ACCD-A2DD59E42938}.Debug|Any CPU.ActiveCfg = Debug|Any CPU
		{F6B53C68-DB32-4886-ACCD-A2DD59E42938}.Debug|Any CPU.Build.0 = Debug|Any CPU
		{F6B53C68-DB32-4886-ACCD-A2DD59E42938}.Release|Any CPU.ActiveCfg = Release|Any CPU
		{F6B53C68-DB32-4886-ACCD-A2DD59E42938}.Release|Any CPU.Build.0 = Release|Any CPU
		{EAA0F88E-9C08-47D1-9FBB-B988EEDEC637}.Debug|Any CPU.ActiveCfg = Debug|Any CPU
		{EAA0F88E-9C08-47D1-9FBB-B988EEDEC637}.Debug|Any CPU.Build.0 = Debug|Any CPU
		{EAA0F88E-9C08-47D1-9FBB-B988EEDEC637}.Release|Any CPU.ActiveCfg = Release|Any CPU
		{EAA0F88E-9C08-47D1-9FBB-B988EEDEC637}.Release|Any CPU.Build.0 = Release|Any CPU
		{B95258EA-474F-4884-9551-5916FF4D94AD}.Debug|Any CPU.ActiveCfg = Debug|Any CPU
		{B95258EA-474F-4884-9551-5916FF4D94AD}.Debug|Any CPU.Build.0 = Debug|Any CPU
		{B95258EA-474F-4884-9551-5916FF4D94AD}.Release|Any CPU.ActiveCfg = Release|Any CPU
		{B95258EA-474F-4884-9551-5916FF4D94AD}.Release|Any CPU.Build.0 = Release|Any CPU
		{E89D8D74-839C-4453-A7CC-0E5FC75353BE}.Debug|Any CPU.ActiveCfg = Debug|Any CPU
		{E89D8D74-839C-4453-A7CC-0E5FC75353BE}.Debug|Any CPU.Build.0 = Debug|Any CPU
		{E89D8D74-839C-4453-A7CC-0E5FC75353BE}.Release|Any CPU.ActiveCfg = Release|Any CPU
		{E89D8D74-839C-4453-A7CC-0E5FC75353BE}.Release|Any CPU.Build.0 = Release|Any CPU
		{70864201-AF31-4629-9F61-19A5F688EE4D}.Debug|Any CPU.ActiveCfg = Debug|Any CPU
		{70864201-AF31-4629-9F61-19A5F688EE4D}.Debug|Any CPU.Build.0 = Debug|Any CPU
		{70864201-AF31-4629-9F61-19A5F688EE4D}.Release|Any CPU.ActiveCfg = Release|Any CPU
		{70864201-AF31-4629-9F61-19A5F688EE4D}.Release|Any CPU.Build.0 = Release|Any CPU
		{BC27CE0E-5212-4A96-B31C-33CB30F9E590}.Debug|Any CPU.ActiveCfg = Debug|Any CPU
		{BC27CE0E-5212-4A96-B31C-33CB30F9E590}.Debug|Any CPU.Build.0 = Debug|Any CPU
		{BC27CE0E-5212-4A96-B31C-33CB30F9E590}.Release|Any CPU.ActiveCfg = Release|Any CPU
		{BC27CE0E-5212-4A96-B31C-33CB30F9E590}.Release|Any CPU.Build.0 = Release|Any CPU
		{2D71A27F-47D2-4A9D-A586-5BF78654E7FD}.Debug|Any CPU.ActiveCfg = Debug|Any CPU
		{2D71A27F-47D2-4A9D-A586-5BF78654E7FD}.Debug|Any CPU.Build.0 = Debug|Any CPU
		{2D71A27F-47D2-4A9D-A586-5BF78654E7FD}.Release|Any CPU.ActiveCfg = Release|Any CPU
		{2D71A27F-47D2-4A9D-A586-5BF78654E7FD}.Release|Any CPU.Build.0 = Release|Any CPU
		{8188D4FF-9236-49CD-994A-9234306C81D3}.Debug|Any CPU.ActiveCfg = Debug|Any CPU
		{8188D4FF-9236-49CD-994A-9234306C81D3}.Debug|Any CPU.Build.0 = Debug|Any CPU
		{8188D4FF-9236-49CD-994A-9234306C81D3}.Release|Any CPU.ActiveCfg = Release|Any CPU
		{8188D4FF-9236-49CD-994A-9234306C81D3}.Release|Any CPU.Build.0 = Release|Any CPU
		{0FABCE9A-3515-481D-96EB-280D5872350E}.Debug|Any CPU.ActiveCfg = Debug|Any CPU
		{0FABCE9A-3515-481D-96EB-280D5872350E}.Debug|Any CPU.Build.0 = Debug|Any CPU
		{0FABCE9A-3515-481D-96EB-280D5872350E}.Release|Any CPU.ActiveCfg = Release|Any CPU
		{0FABCE9A-3515-481D-96EB-280D5872350E}.Release|Any CPU.Build.0 = Release|Any CPU
		{B5563053-607E-4074-B332-DB9ACC3608F5}.Debug|Any CPU.ActiveCfg = Debug|Any CPU
		{B5563053-607E-4074-B332-DB9ACC3608F5}.Debug|Any CPU.Build.0 = Debug|Any CPU
		{B5563053-607E-4074-B332-DB9ACC3608F5}.Release|Any CPU.ActiveCfg = Release|Any CPU
		{B5563053-607E-4074-B332-DB9ACC3608F5}.Release|Any CPU.Build.0 = Release|Any CPU
		{50EB7FEC-1D72-4A08-9F0B-20DEADBFD01A}.Debug|Any CPU.ActiveCfg = Debug|Any CPU
		{50EB7FEC-1D72-4A08-9F0B-20DEADBFD01A}.Debug|Any CPU.Build.0 = Debug|Any CPU
		{50EB7FEC-1D72-4A08-9F0B-20DEADBFD01A}.Release|Any CPU.ActiveCfg = Release|Any CPU
		{50EB7FEC-1D72-4A08-9F0B-20DEADBFD01A}.Release|Any CPU.Build.0 = Release|Any CPU
		{DD417F24-2254-4346-AA4E-F16263CBCD04}.Debug|Any CPU.ActiveCfg = Debug|Any CPU
		{DD417F24-2254-4346-AA4E-F16263CBCD04}.Debug|Any CPU.Build.0 = Debug|Any CPU
		{DD417F24-2254-4346-AA4E-F16263CBCD04}.Release|Any CPU.ActiveCfg = Release|Any CPU
		{DD417F24-2254-4346-AA4E-F16263CBCD04}.Release|Any CPU.Build.0 = Release|Any CPU
		{3902B681-361D-49D3-9A27-9FFE09355710}.Debug|Any CPU.ActiveCfg = Debug|Any CPU
		{3902B681-361D-49D3-9A27-9FFE09355710}.Debug|Any CPU.Build.0 = Debug|Any CPU
		{3902B681-361D-49D3-9A27-9FFE09355710}.Release|Any CPU.ActiveCfg = Release|Any CPU
		{3902B681-361D-49D3-9A27-9FFE09355710}.Release|Any CPU.Build.0 = Release|Any CPU
		{AF020886-CACA-42A0-A35A-FCFC44F35DA6}.Debug|Any CPU.ActiveCfg = Debug|Any CPU
		{AF020886-CACA-42A0-A35A-FCFC44F35DA6}.Debug|Any CPU.Build.0 = Debug|Any CPU
		{AF020886-CACA-42A0-A35A-FCFC44F35DA6}.Release|Any CPU.ActiveCfg = Release|Any CPU
		{AF020886-CACA-42A0-A35A-FCFC44F35DA6}.Release|Any CPU.Build.0 = Release|Any CPU
		{8B51B237-0304-4A5F-A66A-1F3DB628AE63}.Debug|Any CPU.ActiveCfg = Debug|Any CPU
		{8B51B237-0304-4A5F-A66A-1F3DB628AE63}.Debug|Any CPU.Build.0 = Debug|Any CPU
		{8B51B237-0304-4A5F-A66A-1F3DB628AE63}.Release|Any CPU.ActiveCfg = Release|Any CPU
		{8B51B237-0304-4A5F-A66A-1F3DB628AE63}.Release|Any CPU.Build.0 = Release|Any CPU
		{6A8A823B-8C3A-4689-96C3-338218CA1BF0}.Debug|Any CPU.ActiveCfg = Debug|Any CPU
		{6A8A823B-8C3A-4689-96C3-338218CA1BF0}.Debug|Any CPU.Build.0 = Debug|Any CPU
		{6A8A823B-8C3A-4689-96C3-338218CA1BF0}.Release|Any CPU.ActiveCfg = Release|Any CPU
		{6A8A823B-8C3A-4689-96C3-338218CA1BF0}.Release|Any CPU.Build.0 = Release|Any CPU
		{22255A64-69C7-4334-8204-8598263F6FE0}.Debug|Any CPU.ActiveCfg = Debug|Any CPU
		{22255A64-69C7-4334-8204-8598263F6FE0}.Debug|Any CPU.Build.0 = Debug|Any CPU
		{22255A64-69C7-4334-8204-8598263F6FE0}.Release|Any CPU.ActiveCfg = Release|Any CPU
		{22255A64-69C7-4334-8204-8598263F6FE0}.Release|Any CPU.Build.0 = Release|Any CPU
		{C30F928E-858A-44FC-93F0-5D0587E1EEB2}.Debug|Any CPU.ActiveCfg = Debug|Any CPU
		{C30F928E-858A-44FC-93F0-5D0587E1EEB2}.Debug|Any CPU.Build.0 = Debug|Any CPU
		{C30F928E-858A-44FC-93F0-5D0587E1EEB2}.Release|Any CPU.ActiveCfg = Release|Any CPU
		{C30F928E-858A-44FC-93F0-5D0587E1EEB2}.Release|Any CPU.Build.0 = Release|Any CPU
		{68D915D8-B78A-434C-9615-ACF87291EC28}.Debug|Any CPU.ActiveCfg = Debug|Any CPU
		{68D915D8-B78A-434C-9615-ACF87291EC28}.Debug|Any CPU.Build.0 = Debug|Any CPU
		{68D915D8-B78A-434C-9615-ACF87291EC28}.Release|Any CPU.ActiveCfg = Release|Any CPU
		{68D915D8-B78A-434C-9615-ACF87291EC28}.Release|Any CPU.Build.0 = Release|Any CPU
		{B845DBE5-A6A6-4F33-9BFB-E09BE9991871}.Debug|Any CPU.ActiveCfg = Debug|Any CPU
		{B845DBE5-A6A6-4F33-9BFB-E09BE9991871}.Debug|Any CPU.Build.0 = Debug|Any CPU
		{B845DBE5-A6A6-4F33-9BFB-E09BE9991871}.Release|Any CPU.ActiveCfg = Release|Any CPU
		{B845DBE5-A6A6-4F33-9BFB-E09BE9991871}.Release|Any CPU.Build.0 = Release|Any CPU
		{372673DD-3C89-44F2-8139-6AF8B166C53D}.Debug|Any CPU.ActiveCfg = Debug|Any CPU
		{372673DD-3C89-44F2-8139-6AF8B166C53D}.Debug|Any CPU.Build.0 = Debug|Any CPU
		{372673DD-3C89-44F2-8139-6AF8B166C53D}.Release|Any CPU.ActiveCfg = Release|Any CPU
		{372673DD-3C89-44F2-8139-6AF8B166C53D}.Release|Any CPU.Build.0 = Release|Any CPU
		{D76DCF0E-E0F3-4E67-90F8-0084C97007E0}.Debug|Any CPU.ActiveCfg = Debug|Any CPU
		{D76DCF0E-E0F3-4E67-90F8-0084C97007E0}.Debug|Any CPU.Build.0 = Debug|Any CPU
		{D76DCF0E-E0F3-4E67-90F8-0084C97007E0}.Release|Any CPU.ActiveCfg = Release|Any CPU
		{D76DCF0E-E0F3-4E67-90F8-0084C97007E0}.Release|Any CPU.Build.0 = Release|Any CPU
		{B26065DD-2A6B-47A2-B0D4-BB99E1B6D213}.Debug|Any CPU.ActiveCfg = Debug|Any CPU
		{B26065DD-2A6B-47A2-B0D4-BB99E1B6D213}.Debug|Any CPU.Build.0 = Debug|Any CPU
		{B26065DD-2A6B-47A2-B0D4-BB99E1B6D213}.Release|Any CPU.ActiveCfg = Release|Any CPU
		{B26065DD-2A6B-47A2-B0D4-BB99E1B6D213}.Release|Any CPU.Build.0 = Release|Any CPU
		{00679D57-7E97-4CE9-AEDA-2489E5FB35DC}.Debug|Any CPU.ActiveCfg = Debug|Any CPU
		{00679D57-7E97-4CE9-AEDA-2489E5FB35DC}.Debug|Any CPU.Build.0 = Debug|Any CPU
		{00679D57-7E97-4CE9-AEDA-2489E5FB35DC}.Release|Any CPU.ActiveCfg = Release|Any CPU
		{00679D57-7E97-4CE9-AEDA-2489E5FB35DC}.Release|Any CPU.Build.0 = Release|Any CPU
		{B37224B2-A1B0-467A-A957-4A97DAC03982}.Debug|Any CPU.ActiveCfg = Debug|Any CPU
		{B37224B2-A1B0-467A-A957-4A97DAC03982}.Debug|Any CPU.Build.0 = Debug|Any CPU
		{B37224B2-A1B0-467A-A957-4A97DAC03982}.Release|Any CPU.ActiveCfg = Release|Any CPU
		{B37224B2-A1B0-467A-A957-4A97DAC03982}.Release|Any CPU.Build.0 = Release|Any CPU
		{86652E89-90A3-464A-9249-85AD0FC37A21}.Debug|Any CPU.ActiveCfg = Debug|Any CPU
		{86652E89-90A3-464A-9249-85AD0FC37A21}.Debug|Any CPU.Build.0 = Debug|Any CPU
		{86652E89-90A3-464A-9249-85AD0FC37A21}.Release|Any CPU.ActiveCfg = Release|Any CPU
		{86652E89-90A3-464A-9249-85AD0FC37A21}.Release|Any CPU.Build.0 = Release|Any CPU
		{B90262E4-62AF-4319-8DC1-EC18A136FE35}.Debug|Any CPU.ActiveCfg = Debug|Any CPU
		{B90262E4-62AF-4319-8DC1-EC18A136FE35}.Debug|Any CPU.Build.0 = Debug|Any CPU
		{B90262E4-62AF-4319-8DC1-EC18A136FE35}.Release|Any CPU.ActiveCfg = Release|Any CPU
		{B90262E4-62AF-4319-8DC1-EC18A136FE35}.Release|Any CPU.Build.0 = Release|Any CPU
	EndGlobalSection
	GlobalSection(SolutionProperties) = preSolution
		HideSolutionNode = FALSE
	EndGlobalSection
	GlobalSection(NestedProjects) = preSolution
		{F6B53C68-DB32-4886-ACCD-A2DD59E42938} = {4672F891-3D66-4B29-B9E9-F113ACBE2B22}
		{4672F891-3D66-4B29-B9E9-F113ACBE2B22} = {92AA5287-2B38-4C52-ACD1-45580AEDFB89}
		{EAA0F88E-9C08-47D1-9FBB-B988EEDEC637} = {4672F891-3D66-4B29-B9E9-F113ACBE2B22}
		{B95258EA-474F-4884-9551-5916FF4D94AD} = {6237BE03-09E8-4B16-8173-DB0183D48010}
		{E89D8D74-839C-4453-A7CC-0E5FC75353BE} = {19A67127-CBE0-4734-8414-4A5AEA9FC38F}
		{19A67127-CBE0-4734-8414-4A5AEA9FC38F} = {6237BE03-09E8-4B16-8173-DB0183D48010}
		{70864201-AF31-4629-9F61-19A5F688EE4D} = {19A67127-CBE0-4734-8414-4A5AEA9FC38F}
		{BC27CE0E-5212-4A96-B31C-33CB30F9E590} = {6237BE03-09E8-4B16-8173-DB0183D48010}
		{2D71A27F-47D2-4A9D-A586-5BF78654E7FD} = {6237BE03-09E8-4B16-8173-DB0183D48010}
		{8188D4FF-9236-49CD-994A-9234306C81D3} = {6237BE03-09E8-4B16-8173-DB0183D48010}
		{0FABCE9A-3515-481D-96EB-280D5872350E} = {6237BE03-09E8-4B16-8173-DB0183D48010}
		{B5563053-607E-4074-B332-DB9ACC3608F5} = {07D7BC32-2358-4EE3-877A-E20514EA9BB9}
		{50EB7FEC-1D72-4A08-9F0B-20DEADBFD01A} = {07D7BC32-2358-4EE3-877A-E20514EA9BB9}
		{98AE5253-EEB4-4A14-804D-40A1CF0434ED} = {92AA5287-2B38-4C52-ACD1-45580AEDFB89}
		{DD417F24-2254-4346-AA4E-F16263CBCD04} = {98AE5253-EEB4-4A14-804D-40A1CF0434ED}
		{3902B681-361D-49D3-9A27-9FFE09355710} = {4073F796-5DA9-4972-BDD3-864259FE50AE}
		{AF020886-CACA-42A0-A35A-FCFC44F35DA6} = {4073F796-5DA9-4972-BDD3-864259FE50AE}
		{8B51B237-0304-4A5F-A66A-1F3DB628AE63} = {4073F796-5DA9-4972-BDD3-864259FE50AE}
		{6A8A823B-8C3A-4689-96C3-338218CA1BF0} = {4073F796-5DA9-4972-BDD3-864259FE50AE}
		{22255A64-69C7-4334-8204-8598263F6FE0} = {6F8BB97D-FD2D-48E9-9585-3D044FC5F8CB}
		{C30F928E-858A-44FC-93F0-5D0587E1EEB2} = {2EDE6016-BE9B-4438-8A34-EBB1C7A87819}
		{68D915D8-B78A-434C-9615-ACF87291EC28} = {6F8BB97D-FD2D-48E9-9585-3D044FC5F8CB}
		{B845DBE5-A6A6-4F33-9BFB-E09BE9991871} = {6F8BB97D-FD2D-48E9-9585-3D044FC5F8CB}
		{372673DD-3C89-44F2-8139-6AF8B166C53D} = {07D7BC32-2358-4EE3-877A-E20514EA9BB9}
		{D76DCF0E-E0F3-4E67-90F8-0084C97007E0} = {6F1BEA11-2A7A-4E5C-A8AF-0B31A98E162E}
		{B26065DD-2A6B-47A2-B0D4-BB99E1B6D213} = {6237BE03-09E8-4B16-8173-DB0183D48010}
		{00679D57-7E97-4CE9-AEDA-2489E5FB35DC} = {DDF4118C-A98D-4D1E-8FC6-467361F1BAFB}
		{B37224B2-A1B0-467A-A957-4A97DAC03982} = {6F8BB97D-FD2D-48E9-9585-3D044FC5F8CB}
		{86652E89-90A3-464A-9249-85AD0FC37A21} = {6F8BB97D-FD2D-48E9-9585-3D044FC5F8CB}
		{B90262E4-62AF-4319-8DC1-EC18A136FE35} = {E81AADCC-B505-46D1-BE49-954EA8338823}
	EndGlobalSection
	GlobalSection(ExtensibilityGlobals) = postSolution
		SolutionGuid = {BCBA4BE7-A5D7-47F9-AFAE-979AEEA484AF}
	EndGlobalSection
EndGlobal
